# THIS IS AN AUTOGENERATED FILE. DO NOT EDIT THIS FILE DIRECTLY.
# yarn lockfile v1


"@types/bcryptjs@^2.4.2":
  version "2.4.2"
  resolved "https://registry.yarnpkg.com/@types/bcryptjs/-/bcryptjs-2.4.2.tgz#e3530eac9dd136bfdfb0e43df2c4c5ce1f77dfae"
  integrity sha512-LiMQ6EOPob/4yUL66SZzu6Yh77cbzJFYll+ZfaPiPPFswtIlA/Fs1MzdKYA7JApHU49zQTbJGX3PDmCpIdDBRQ==

"@types/validator@13.0.0":
  version "13.0.0"
  resolved "https://registry.yarnpkg.com/@types/validator/-/validator-13.0.0.tgz#365f1bf936aeaddd0856fc41aa1d6f82d88ee5b3"
  integrity sha512-WAy5txG7aFX8Vw3sloEKp5p/t/Xt8jD3GRD9DacnFv6Vo8ubudAsRTXgxpQwU0mpzY/H8U4db3roDuCMjShBmw==

bcryptjs@^2.4.3:
  version "2.4.3"
  resolved "https://registry.yarnpkg.com/bcryptjs/-/bcryptjs-2.4.3.tgz#9ab5627b93e60621ff7cdac5da9733027df1d0cb"
  integrity sha1-mrVie5PmBiH/fNrF2pczAn3x0Ms=

class-validator@^0.12.2:
  version "0.12.2"
  resolved "https://registry.yarnpkg.com/class-validator/-/class-validator-0.12.2.tgz#2ceb72f88873e9c714cf5f9c278cbc71f6f6c8ef"
  integrity sha512-TDzPzp8BmpsbPhQpccB3jMUE/3pK0TyqamrK0kcx+ZeFytMA+O6q87JZZGObHHnoo9GM8vl/JppIyKWeEA/EVw==
  dependencies:
    "@types/validator" "13.0.0"
    google-libphonenumber "^3.2.8"
    tslib ">=1.9.0"
    validator "13.0.0"

google-libphonenumber@^3.2.8:
  version "3.2.13"
  resolved "https://registry.yarnpkg.com/google-libphonenumber/-/google-libphonenumber-3.2.13.tgz#8f41f2ce1739d40e2b9ebccc75dca95474cdf0b5"
  integrity sha512-USnpjJkD8St+wyshy154lF74JeauNCd8vrcusSlWjSFWitXzl7ZSuCunA/XxeVLqBv6DShrSfFMYdwGZ7x4hOw==

reflect-metadata@^0.1.13:
  version "0.1.13"
  resolved "https://registry.yarnpkg.com/reflect-metadata/-/reflect-metadata-0.1.13.tgz#67ae3ca57c972a2aa1642b10fe363fe32d49dc08"
  integrity sha512-Ts1Y/anZELhSsjMcU605fU9RE4Oi3p5ORujwbIKXfWa+0Zxs510Qrmrce5/Jowq3cHSZSJqBjypxmHarc+vEWg==

tslib@>=1.9.0:
  version "2.0.1"
  resolved "https://registry.yarnpkg.com/tslib/-/tslib-2.0.1.tgz#410eb0d113e5b6356490eec749603725b021b43e"
  integrity sha512-SgIkNheinmEBgx1IUNirK0TUD4X9yjjBRTqqjggWCU3pUEqIk3/Uwl3yRixYKT6WjQuGiwDv4NomL3wqRCj+CQ==

validator@13.0.0:
  version "13.0.0"
  resolved "https://registry.yarnpkg.com/validator/-/validator-13.0.0.tgz#0fb6c6bb5218ea23d368a8347e6d0f5a70e3bcab"
  integrity sha512-anYx5fURbgF04lQV18nEQWZ/3wHGnxiKdG4aL8J+jEDsm98n/sU/bey+tYk6tnGJzm7ioh5FoqrAiQ6m03IgaA==
